
Microsoft Visual Studio Solution File, Format Version 12.00
# Visual Studio Version 16
VisualStudioVersion = 16.0.32106.194
MinimumVisualStudioVersion = 10.0.40219.1
Project("{FAE04EC0-301F-11D3-BF4B-00C04F79EFBC}") = "BattleshipBackend", "BattleshipBackend\BattleshipBackend.csproj", "{166941DA-4EC6-4838-A239-FF6B297CE4F9}"
EndProject
Global
	GlobalSection(SolutionConfigurationPlatforms) = preSolution
		Debug|Any CPU = Debug|Any CPU
		Release|Any CPU = Release|Any CPU
	EndGlobalSection
	GlobalSection(ProjectConfigurationPlatforms) = postSolution
		{166941DA-4EC6-4838-A239-FF6B297CE4F9}.Debug|Any CPU.ActiveCfg = Debug|Any CPU
		{166941DA-4EC6-4838-A239-FF6B297CE4F9}.Debug|Any CPU.Build.0 = Debug|Any CPU
		{166941DA-4EC6-4838-A239-FF6B297CE4F9}.Release|Any CPU.ActiveCfg = Release|Any CPU
		{166941DA-4EC6-4838-A239-FF6B297CE4F9}.Release|Any CPU.Build.0 = Release|Any CPU
	EndGlobalSection
	GlobalSection(SolutionProperties) = preSolution
		HideSolutionNode = FALSE
	EndGlobalSection
	GlobalSection(ExtensibilityGlobals) = postSolution
		SolutionGuid = {99711D2E-963F-4796-B28B-B9E6B601CE3B}
	EndGlobalSection
EndGlobal
